
Microsoft Visual Studio Solution File, Format Version 12.00
# Visual Studio 15
VisualStudioVersion = 15.0.28010.2026
MinimumVisualStudioVersion = 10.0.40219.1
Project("{FAE04EC0-301F-11D3-BF4B-00C04F79EFBC}") = "Writer", "Writer\Writer.csproj", "{A3899C42-0F3A-4622-BCF8-2107A4AA04FD}"
EndProject
Global
	GlobalSection(SolutionConfigurationPlatforms) = preSolution
		Debug|Any CPU = Debug|Any CPU
		Release|Any CPU = Release|Any CPU
	EndGlobalSection
	GlobalSection(ProjectConfigurationPlatforms) = postSolution
		{A3899C42-0F3A-4622-BCF8-2107A4AA04FD}.Debug|Any CPU.ActiveCfg = Debug|Any CPU
		{A3899C42-0F3A-4622-BCF8-2107A4AA04FD}.Debug|Any CPU.Build.0 = Debug|Any CPU
		{A3899C42-0F3A-4622-BCF8-2107A4AA04FD}.Release|Any CPU.ActiveCfg = Release|Any CPU
		{A3899C42-0F3A-4622-BCF8-2107A4AA04FD}.Release|Any CPU.Build.0 = Release|Any CPU
	EndGlobalSection
	GlobalSection(SolutionProperties) = preSolution
		HideSolutionNode = FALSE
	EndGlobalSection
	GlobalSection(ExtensibilityGlobals) = postSolution
		SolutionGuid = {6F973803-A100-4017-B528-F3107787F8BF}
	EndGlobalSection
EndGlobal
